
Microsoft Visual Studio Solution File, Format Version 12.00
# Visual Studio 15
Project("{FAE04EC0-301F-11D3-BF4B-00C04F79EFBC}") = "Assembly-CSharp", "Assembly-CSharp.csproj", "{934D1012-8CFC-84F6-9A23-E01564489020}"
EndProject
Project("{FAE04EC0-301F-11D3-BF4B-00C04F79EFBC}") = "Assembly-CSharp-Editor", "Assembly-CSharp-Editor.csproj", "{A53AA715-A579-5D7F-0E3F-3BB8A045CEB5}"
EndProject
Global
	GlobalSection(SolutionConfigurationPlatforms) = preSolution
		Debug|Any CPU = Debug|Any CPU
		Release|Any CPU = Release|Any CPU
	EndGlobalSection
	GlobalSection(ProjectConfigurationPlatforms) = postSolution
		{934D1012-8CFC-84F6-9A23-E01564489020}.Debug|Any CPU.ActiveCfg = Debug|Any CPU
		{934D1012-8CFC-84F6-9A23-E01564489020}.Debug|Any CPU.Build.0 = Debug|Any CPU
		{934D1012-8CFC-84F6-9A23-E01564489020}.Release|Any CPU.ActiveCfg = Release|Any CPU
		{934D1012-8CFC-84F6-9A23-E01564489020}.Release|Any CPU.Build.0 = Release|Any CPU
		{A53AA715-A579-5D7F-0E3F-3BB8A045CEB5}.Debug|Any CPU.ActiveCfg = Debug|Any CPU
		{A53AA715-A579-5D7F-0E3F-3BB8A045CEB5}.Debug|Any CPU.Build.0 = Debug|Any CPU
		{A53AA715-A579-5D7F-0E3F-3BB8A045CEB5}.Release|Any CPU.ActiveCfg = Release|Any CPU
		{A53AA715-A579-5D7F-0E3F-3BB8A045CEB5}.Release|Any CPU.Build.0 = Release|Any CPU
	EndGlobalSection
	GlobalSection(SolutionProperties) = preSolution
		HideSolutionNode = FALSE
	EndGlobalSection
	GlobalSection(MonoDevelopProperties) = preSolution
		StartupItem = Assembly-CSharp.csproj
	EndGlobalSection
EndGlobal
